
Microsoft Visual Studio Solution File, Format Version 12.00
# Visual Studio 15
VisualStudioVersion = 15.0.28010.2046
MinimumVisualStudioVersion = 10.0.40219.1
Project("{FAE04EC0-301F-11D3-BF4B-00C04F79EFBC}") = "BuildWebApi", "BuildWebApi\BuildWebApi.csproj", "{05831424-BC66-4F7C-8CAC-3468B94B2F51}"
EndProject
Global
	GlobalSection(SolutionConfigurationPlatforms) = preSolution
		Debug|Any CPU = Debug|Any CPU
		Release|Any CPU = Release|Any CPU
	EndGlobalSection
	GlobalSection(ProjectConfigurationPlatforms) = postSolution
		{05831424-BC66-4F7C-8CAC-3468B94B2F51}.Debug|Any CPU.ActiveCfg = Debug|Any CPU
		{05831424-BC66-4F7C-8CAC-3468B94B2F51}.Debug|Any CPU.Build.0 = Debug|Any CPU
		{05831424-BC66-4F7C-8CAC-3468B94B2F51}.Release|Any CPU.ActiveCfg = Release|Any CPU
		{05831424-BC66-4F7C-8CAC-3468B94B2F51}.Release|Any CPU.Build.0 = Release|Any CPU
	EndGlobalSection
	GlobalSection(SolutionProperties) = preSolution
		HideSolutionNode = FALSE
	EndGlobalSection
	GlobalSection(ExtensibilityGlobals) = postSolution
		SolutionGuid = {32911D03-FD91-4710-903E-A669D4A0684E}
	EndGlobalSection
EndGlobal
